PODS:
  - Plaid (4.3.1)
  - Realm (10.39.1):
    - Realm/Headers (= 10.39.1)
  - Realm/Headers (10.39.1)
  - RealmSwift (10.39.1):
    - Realm (= 10.39.1)

DEPENDENCIES:
  - Plaid
  - RealmSwift (~> 10)

SPEC REPOS:
  trunk:
    - Plaid
    - Realm
    - RealmSwift

SPEC CHECKSUMS:
  Plaid: 69a20b259a2d2b10b6b6fb5e801ac9cc4d51db4c
  Realm: 1f3157edf145f4d9036765ab550c8cb18f62b700
  RealmSwift: 8a69a1cb788cd5865966f49667b130567e07bceb

PODFILE CHECKSUM: 4bbb5626d8b549183280aecd6b80dc24f1f3899f

COCOAPODS: 1.12.1
