// !$*UTF8*$!
{
	archiveVersion = 1;
	classes = {
	};
	objectVersion = 56;
	objects = {

/* Begin PBXBuildFile section */
		0EF8AB4569505AE96D526D5E /* Pods_Budget.framework in Frameworks */ = {isa = PBXBuildFile; fileRef = 018E2E7D90715F8B6F7E505A /* Pods_Budget.framework */; };
		4083AF532A088E64005DDC82 /* BudgetApp.swift in Sources */ = {isa = PBXBuildFile; fileRef = 4083AF522A088E64005DDC82 /* BudgetApp.swift */; };
		4083AF552A088E64005DDC82 /* ContentView.swift in Sources */ = {isa = PBXBuildFile; fileRef = 4083AF542A088E64005DDC82 /* ContentView.swift */; };
		4083AF572A088E65005DDC82 /* Assets.xcassets in Resources */ = {isa = PBXBuildFile; fileRef = 4083AF562A088E65005DDC82 /* Assets.xcassets */; };
		4083AF5A2A088E65005DDC82 /* Preview Assets.xcassets in Resources */ = {isa = PBXBuildFile; fileRef = 4083AF592A088E65005DDC82 /* Preview Assets.xcassets */; };
		4083AF642A088E65005DDC82 /* BudgetTests.swift in Sources */ = {isa = PBXBuildFile; fileRef = 4083AF632A088E65005DDC82 /* BudgetTests.swift */; };
		4083AF6E2A088E65005DDC82 /* BudgetUITests.swift in Sources */ = {isa = PBXBuildFile; fileRef = 4083AF6D2A088E65005DDC82 /* BudgetUITests.swift */; };
		4083AF702A088E65005DDC82 /* BudgetUITestsLaunchTests.swift in Sources */ = {isa = PBXBuildFile; fileRef = 4083AF6F2A088E65005DDC82 /* BudgetUITestsLaunchTests.swift */; };
		44A9C48CE7860D78BFEED92C /* Pods_Budget_BudgetUITests.framework in Frameworks */ = {isa = PBXBuildFile; fileRef = 3F89306963FA6203505CF21F /* Pods_Budget_BudgetUITests.framework */; };
		4EF4B7EF58C337F3D5B5F15E /* Pods_BudgetTests.framework in Frameworks */ = {isa = PBXBuildFile; fileRef = 883F60E833401CB28A01466E /* Pods_BudgetTests.framework */; };
/* End PBXBuildFile section */

/* Begin PBXContainerItemProxy section */
		4083AF602A088E65005DDC82 /* PBXContainerItemProxy */ = {
			isa = PBXContainerItemProxy;
			containerPortal = 4083AF472A088E63005DDC82 /* Project object */;
			proxyType = 1;
			remoteGlobalIDString = 4083AF4E2A088E63005DDC82;
			remoteInfo = Budget;
		};
		4083AF6A2A088E65005DDC82 /* PBXContainerItemProxy */ = {
			isa = PBXContainerItemProxy;
			containerPortal = 4083AF472A088E63005DDC82 /* Project object */;
			proxyType = 1;
			remoteGlobalIDString = 4083AF4E2A088E63005DDC82;
			remoteInfo = Budget;
		};
/* End PBXContainerItemProxy section */

/* Begin PBXFileReference section */
		018E2E7D90715F8B6F7E505A /* Pods_Budget.framework */ = {isa = PBXFileReference; explicitFileType = wrapper.framework; includeInIndex = 0; path = Pods_Budget.framework; sourceTree = BUILT_PRODUCTS_DIR; };
		3F89306963FA6203505CF21F /* Pods_Budget_BudgetUITests.framework */ = {isa = PBXFileReference; explicitFileType = wrapper.framework; includeInIndex = 0; path = Pods_Budget_BudgetUITests.framework; sourceTree = BUILT_PRODUCTS_DIR; };
		4083AF4F2A088E64005DDC82 /* Budget.app */ = {isa = PBXFileReference; explicitFileType = wrapper.application; includeInIndex = 0; path = Budget.app; sourceTree = BUILT_PRODUCTS_DIR; };
		4083AF522A088E64005DDC82 /* BudgetApp.swift */ = {isa = PBXFileReference; lastKnownFileType = sourcecode.swift; path = BudgetApp.swift; sourceTree = "<group>"; };
		4083AF542A088E64005DDC82 /* ContentView.swift */ = {isa = PBXFileReference; lastKnownFileType = sourcecode.swift; path = ContentView.swift; sourceTree = "<group>"; };
		4083AF562A088E65005DDC82 /* Assets.xcassets */ = {isa = PBXFileReference; lastKnownFileType = folder.assetcatalog; path = Assets.xcassets; sourceTree = "<group>"; };
		4083AF592A088E65005DDC82 /* Preview Assets.xcassets */ = {isa = PBXFileReference; lastKnownFileType = folder.assetcatalog; path = "Preview Assets.xcassets"; sourceTree = "<group>"; };
		4083AF5F2A088E65005DDC82 /* BudgetTests.xctest */ = {isa = PBXFileReference; explicitFileType = wrapper.cfbundle; includeInIndex = 0; path = BudgetTests.xctest; sourceTree = BUILT_PRODUCTS_DIR; };
		4083AF632A088E65005DDC82 /* BudgetTests.swift */ = {isa = PBXFileReference; lastKnownFileType = sourcecode.swift; path = BudgetTests.swift; sourceTree = "<group>"; };
		4083AF692A088E65005DDC82 /* BudgetUITests.xctest */ = {isa = PBXFileReference; explicitFileType = wrapper.cfbundle; includeInIndex = 0; path = BudgetUITests.xctest; sourceTree = BUILT_PRODUCTS_DIR; };
		4083AF6D2A088E65005DDC82 /* BudgetUITests.swift */ = {isa = PBXFileReference; lastKnownFileType = sourcecode.swift; path = BudgetUITests.swift; sourceTree = "<group>"; };
		4083AF6F2A088E65005DDC82 /* BudgetUITestsLaunchTests.swift */ = {isa = PBXFileReference; lastKnownFileType = sourcecode.swift; path = BudgetUITestsLaunchTests.swift; sourceTree = "<group>"; };
		40B827222A0D9F86000451AA /* MyPlayground.playground */ = {isa = PBXFileReference; lastKnownFileType = file.playground; path = MyPlayground.playground; sourceTree = "<group>"; xcLanguageSpecificationIdentifier = xcode.lang.swift; };
		435BE09A1B7302044AF12DF5 /* Pods-Budget.release.xcconfig */ = {isa = PBXFileReference; includeInIndex = 1; lastKnownFileType = text.xcconfig; name = "Pods-Budget.release.xcconfig"; path = "Target Support Files/Pods-Budget/Pods-Budget.release.xcconfig"; sourceTree = "<group>"; };
		7BA1B038E6E6EE67F140F423 /* Pods-BudgetTests.release.xcconfig */ = {isa = PBXFileReference; includeInIndex = 1; lastKnownFileType = text.xcconfig; name = "Pods-BudgetTests.release.xcconfig"; path = "Target Support Files/Pods-BudgetTests/Pods-BudgetTests.release.xcconfig"; sourceTree = "<group>"; };
		8553A54876400D20A720555C /* Pods-BudgetTests.debug.xcconfig */ = {isa = PBXFileReference; includeInIndex = 1; lastKnownFileType = text.xcconfig; name = "Pods-BudgetTests.debug.xcconfig"; path = "Target Support Files/Pods-BudgetTests/Pods-BudgetTests.debug.xcconfig"; sourceTree = "<group>"; };
		883F60E833401CB28A01466E /* Pods_BudgetTests.framework */ = {isa = PBXFileReference; explicitFileType = wrapper.framework; includeInIndex = 0; path = Pods_BudgetTests.framework; sourceTree = BUILT_PRODUCTS_DIR; };
		9E72A46DFAB8A12CF88CB6A0 /* Pods-Budget-BudgetUITests.release.xcconfig */ = {isa = PBXFileReference; includeInIndex = 1; lastKnownFileType = text.xcconfig; name = "Pods-Budget-BudgetUITests.release.xcconfig"; path = "Target Support Files/Pods-Budget-BudgetUITests/Pods-Budget-BudgetUITests.release.xcconfig"; sourceTree = "<group>"; };
		AA919819C5FB5405C7A09FC1 /* Pods-Budget-BudgetUITests.debug.xcconfig */ = {isa = PBXFileReference; includeInIndex = 1; lastKnownFileType = text.xcconfig; name = "Pods-Budget-BudgetUITests.debug.xcconfig"; path = "Target Support Files/Pods-Budget-BudgetUITests/Pods-Budget-BudgetUITests.debug.xcconfig"; sourceTree = "<group>"; };
		DF25CF4068AE8F84289278FC /* Pods-Budget.debug.xcconfig */ = {isa = PBXFileReference; includeInIndex = 1; lastKnownFileType = text.xcconfig; name = "Pods-Budget.debug.xcconfig"; path = "Target Support Files/Pods-Budget/Pods-Budget.debug.xcconfig"; sourceTree = "<group>"; };
/* End PBXFileReference section */

/* Begin PBXFrameworksBuildPhase section */
		4083AF4C2A088E63005DDC82 /* Frameworks */ = {
			isa = PBXFrameworksBuildPhase;
			buildActionMask = 2147483647;
			files = (
				0EF8AB4569505AE96D526D5E /* Pods_Budget.framework in Frameworks */,
			);
			runOnlyForDeploymentPostprocessing = 0;
		};
		4083AF5C2A088E65005DDC82 /* Frameworks */ = {
			isa = PBXFrameworksBuildPhase;
			buildActionMask = 2147483647;
			files = (
				4EF4B7EF58C337F3D5B5F15E /* Pods_BudgetTests.framework in Frameworks */,
			);
			runOnlyForDeploymentPostprocessing = 0;
		};
		4083AF662A088E65005DDC82 /* Frameworks */ = {
			isa = PBXFrameworksBuildPhase;
			buildActionMask = 2147483647;
			files = (
				44A9C48CE7860D78BFEED92C /* Pods_Budget_BudgetUITests.framework in Frameworks */,
			);
			runOnlyForDeploymentPostprocessing = 0;
		};
/* End PBXFrameworksBuildPhase section */

/* Begin PBXGroup section */
		2F36D98BD47D20F08A77B90D /* Frameworks */ = {
			isa = PBXGroup;
			children = (
				018E2E7D90715F8B6F7E505A /* Pods_Budget.framework */,
				3F89306963FA6203505CF21F /* Pods_Budget_BudgetUITests.framework */,
				883F60E833401CB28A01466E /* Pods_BudgetTests.framework */,
			);
			name = Frameworks;
			sourceTree = "<group>";
		};
		4083AF462A088E63005DDC82 = {
			isa = PBXGroup;
			children = (
				40B827222A0D9F86000451AA /* MyPlayground.playground */,
				4083AF512A088E64005DDC82 /* Budget */,
				4083AF622A088E65005DDC82 /* BudgetTests */,
				4083AF6C2A088E65005DDC82 /* BudgetUITests */,
				4083AF502A088E64005DDC82 /* Products */,
				955EAB094EC208A2C39FAB89 /* Pods */,
				2F36D98BD47D20F08A77B90D /* Frameworks */,
			);
			sourceTree = "<group>";
		};
		4083AF502A088E64005DDC82 /* Products */ = {
			isa = PBXGroup;
			children = (
				4083AF4F2A088E64005DDC82 /* Budget.app */,
				4083AF5F2A088E65005DDC82 /* BudgetTests.xctest */,
				4083AF692A088E65005DDC82 /* BudgetUITests.xctest */,
			);
			name = Products;
			sourceTree = "<group>";
		};
		4083AF512A088E64005DDC82 /* Budget */ = {
			isa = PBXGroup;
			children = (
				40B8271F2A0D9B36000451AA /* Model */,
				40B827202A0D9B46000451AA /* View */,
				40B827212A0D9B4C000451AA /* Controller */,
				4083AF562A088E65005DDC82 /* Assets.xcassets */,
				4083AF582A088E65005DDC82 /* Preview Content */,
			);
			path = Budget;
			sourceTree = "<group>";
		};
		4083AF582A088E65005DDC82 /* Preview Content */ = {
			isa = PBXGroup;
			children = (
				4083AF592A088E65005DDC82 /* Preview Assets.xcassets */,
			);
			path = "Preview Content";
			sourceTree = "<group>";
		};
		4083AF622A088E65005DDC82 /* BudgetTests */ = {
			isa = PBXGroup;
			children = (
				4083AF632A088E65005DDC82 /* BudgetTests.swift */,
			);
			path = BudgetTests;
			sourceTree = "<group>";
		};
		4083AF6C2A088E65005DDC82 /* BudgetUITests */ = {
			isa = PBXGroup;
			children = (
				4083AF6D2A088E65005DDC82 /* BudgetUITests.swift */,
				4083AF6F2A088E65005DDC82 /* BudgetUITestsLaunchTests.swift */,
			);
			path = BudgetUITests;
			sourceTree = "<group>";
		};
		40B8271F2A0D9B36000451AA /* Model */ = {
			isa = PBXGroup;
			children = (
			);
			path = Model;
			sourceTree = "<group>";
		};
		40B827202A0D9B46000451AA /* View */ = {
			isa = PBXGroup;
			children = (
				4083AF542A088E64005DDC82 /* ContentView.swift */,
			);
			path = View;
			sourceTree = "<group>";
		};
		40B827212A0D9B4C000451AA /* Controller */ = {
			isa = PBXGroup;
			children = (
				4083AF522A088E64005DDC82 /* BudgetApp.swift */,
			);
			path = Controller;
			sourceTree = "<group>";
		};
		955EAB094EC208A2C39FAB89 /* Pods */ = {
			isa = PBXGroup;
			children = (
				DF25CF4068AE8F84289278FC /* Pods-Budget.debug.xcconfig */,
				435BE09A1B7302044AF12DF5 /* Pods-Budget.release.xcconfig */,
				AA919819C5FB5405C7A09FC1 /* Pods-Budget-BudgetUITests.debug.xcconfig */,
				9E72A46DFAB8A12CF88CB6A0 /* Pods-Budget-BudgetUITests.release.xcconfig */,
				8553A54876400D20A720555C /* Pods-BudgetTests.debug.xcconfig */,
				7BA1B038E6E6EE67F140F423 /* Pods-BudgetTests.release.xcconfig */,
			);
			path = Pods;
			sourceTree = "<group>";
		};
/* End PBXGroup section */

/* Begin PBXNativeTarget section */
		4083AF4E2A088E63005DDC82 /* Budget */ = {
			isa = PBXNativeTarget;
			buildConfigurationList = 4083AF732A088E65005DDC82 /* Build configuration list for PBXNativeTarget "Budget" */;
			buildPhases = (
				3B2F253E54A4C492F8C5127A /* [CP] Check Pods Manifest.lock */,
				4083AF4B2A088E63005DDC82 /* Sources */,
				4083AF4C2A088E63005DDC82 /* Frameworks */,
				4083AF4D2A088E63005DDC82 /* Resources */,
				E29981734F43FA60DD4E2998 /* [CP] Embed Pods Frameworks */,
			);
			buildRules = (
			);
			dependencies = (
			);
			name = Budget;
			productName = Budget;
			productReference = 4083AF4F2A088E64005DDC82 /* Budget.app */;
			productType = "com.apple.product-type.application";
		};
		4083AF5E2A088E65005DDC82 /* BudgetTests */ = {
			isa = PBXNativeTarget;
			buildConfigurationList = 4083AF762A088E65005DDC82 /* Build configuration list for PBXNativeTarget "BudgetTests" */;
			buildPhases = (
				4C40BCEC6E2D9BE207FAFB4B /* [CP] Check Pods Manifest.lock */,
				4083AF5B2A088E65005DDC82 /* Sources */,
				4083AF5C2A088E65005DDC82 /* Frameworks */,
				4083AF5D2A088E65005DDC82 /* Resources */,
			);
			buildRules = (
			);
			dependencies = (
				4083AF612A088E65005DDC82 /* PBXTargetDependency */,
			);
			name = BudgetTests;
			productName = BudgetTests;
			productReference = 4083AF5F2A088E65005DDC82 /* BudgetTests.xctest */;
			productType = "com.apple.product-type.bundle.unit-test";
		};
		4083AF682A088E65005DDC82 /* BudgetUITests */ = {
			isa = PBXNativeTarget;
			buildConfigurationList = 4083AF792A088E65005DDC82 /* Build configuration list for PBXNativeTarget "BudgetUITests" */;
			buildPhases = (
				6756B4B1F9ADA03904A26859 /* [CP] Check Pods Manifest.lock */,
				4083AF652A088E65005DDC82 /* Sources */,
				4083AF662A088E65005DDC82 /* Frameworks */,
				4083AF672A088E65005DDC82 /* Resources */,
				419495D9A35025A2E1269C8C /* [CP] Embed Pods Frameworks */,
			);
			buildRules = (
			);
			dependencies = (
				4083AF6B2A088E65005DDC82 /* PBXTargetDependency */,
			);
			name = BudgetUITests;
			productName = BudgetUITests;
			productReference = 4083AF692A088E65005DDC82 /* BudgetUITests.xctest */;
			productType = "com.apple.product-type.bundle.ui-testing";
		};
/* End PBXNativeTarget section */

/* Begin PBXProject section */
		4083AF472A088E63005DDC82 /* Project object */ = {
			isa = PBXProject;
			attributes = {
				BuildIndependentTargetsInParallel = 1;
				LastSwiftUpdateCheck = 1430;
				LastUpgradeCheck = 1430;
				TargetAttributes = {
					4083AF4E2A088E63005DDC82 = {
						CreatedOnToolsVersion = 14.3;
					};
					4083AF5E2A088E65005DDC82 = {
						CreatedOnToolsVersion = 14.3;
						TestTargetID = 4083AF4E2A088E63005DDC82;
					};
					4083AF682A088E65005DDC82 = {
						CreatedOnToolsVersion = 14.3;
						TestTargetID = 4083AF4E2A088E63005DDC82;
					};
				};
			};
			buildConfigurationList = 4083AF4A2A088E63005DDC82 /* Build configuration list for PBXProject "Budget" */;
			compatibilityVersion = "Xcode 14.0";
			developmentRegion = en;
			hasScannedForEncodings = 0;
			knownRegions = (
				en,
				Base,
			);
			mainGroup = 4083AF462A088E63005DDC82;
			productRefGroup = 4083AF502A088E64005DDC82 /* Products */;
			projectDirPath = "";
			projectRoot = "";
			targets = (
				4083AF4E2A088E63005DDC82 /* Budget */,
				4083AF5E2A088E65005DDC82 /* BudgetTests */,
				4083AF682A088E65005DDC82 /* BudgetUITests */,
			);
		};
/* End PBXProject section */

/* Begin PBXResourcesBuildPhase section */
		4083AF4D2A088E63005DDC82 /* Resources */ = {
			isa = PBXResourcesBuildPhase;
			buildActionMask = 2147483647;
			files = (
				4083AF5A2A088E65005DDC82 /* Preview Assets.xcassets in Resources */,
				4083AF572A088E65005DDC82 /* Assets.xcassets in Resources */,
			);
			runOnlyForDeploymentPostprocessing = 0;
		};
		4083AF5D2A088E65005DDC82 /* Resources */ = {
			isa = PBXResourcesBuildPhase;
			buildActionMask = 2147483647;
			files = (
			);
			runOnlyForDeploymentPostprocessing = 0;
		};
		4083AF672A088E65005DDC82 /* Resources */ = {
			isa = PBXResourcesBuildPhase;
			buildActionMask = 2147483647;
			files = (
			);
			runOnlyForDeploymentPostprocessing = 0;
		};
/* End PBXResourcesBuildPhase section */

/* Begin PBXShellScriptBuildPhase section */
		3B2F253E54A4C492F8C5127A /* [CP] Check Pods Manifest.lock */ = {
			isa = PBXShellScriptBuildPhase;
			buildActionMask = 2147483647;
			files = (
			);
			inputFileListPaths = (
			);
			inputPaths = (
				"${PODS_PODFILE_DIR_PATH}/Podfile.lock",
				"${PODS_ROOT}/Manifest.lock",
			);
			name = "[CP] Check Pods Manifest.lock";
			outputFileListPaths = (
			);
			outputPaths = (
				"$(DERIVED_FILE_DIR)/Pods-Budget-checkManifestLockResult.txt",
			);
			runOnlyForDeploymentPostprocessing = 0;
			shellPath = /bin/sh;
			shellScript = "diff \"${PODS_PODFILE_DIR_PATH}/Podfile.lock\" \"${PODS_ROOT}/Manifest.lock\" > /dev/null\nif [ $? != 0 ] ; then\n    # print error to STDERR\n    echo \"error: The sandbox is not in sync with the Podfile.lock. Run 'pod install' or update your CocoaPods installation.\" >&2\n    exit 1\nfi\n# This output is used by Xcode 'outputs' to avoid re-running this script phase.\necho \"SUCCESS\" > \"${SCRIPT_OUTPUT_FILE_0}\"\n";
			showEnvVarsInLog = 0;
		};
		419495D9A35025A2E1269C8C /* [CP] Embed Pods Frameworks */ = {
			isa = PBXShellScriptBuildPhase;
			buildActionMask = 2147483647;
			files = (
			);
			inputFileListPaths = (
				"${PODS_ROOT}/Target Support Files/Pods-Budget-BudgetUITests/Pods-Budget-BudgetUITests-frameworks-${CONFIGURATION}-input-files.xcfilelist",
			);
			name = "[CP] Embed Pods Frameworks";
			outputFileListPaths = (
				"${PODS_ROOT}/Target Support Files/Pods-Budget-BudgetUITests/Pods-Budget-BudgetUITests-frameworks-${CONFIGURATION}-output-files.xcfilelist",
			);
			runOnlyForDeploymentPostprocessing = 0;
			shellPath = /bin/sh;
			shellScript = "\"${PODS_ROOT}/Target Support Files/Pods-Budget-BudgetUITests/Pods-Budget-BudgetUITests-frameworks.sh\"\n";
			showEnvVarsInLog = 0;
		};
		4C40BCEC6E2D9BE207FAFB4B /* [CP] Check Pods Manifest.lock */ = {
			isa = PBXShellScriptBuildPhase;
			buildActionMask = 2147483647;
			files = (
			);
			inputFileListPaths = (
			);
			inputPaths = (
				"${PODS_PODFILE_DIR_PATH}/Podfile.lock",
				"${PODS_ROOT}/Manifest.lock",
			);
			name = "[CP] Check Pods Manifest.lock";
			outputFileListPaths = (
			);
			outputPaths = (
				"$(DERIVED_FILE_DIR)/Pods-BudgetTests-checkManifestLockResult.txt",
			);
			runOnlyForDeploymentPostprocessing = 0;
			shellPath = /bin/sh;
			shellScript = "diff \"${PODS_PODFILE_DIR_PATH}/Podfile.lock\" \"${PODS_ROOT}/Manifest.lock\" > /dev/null\nif [ $? != 0 ] ; then\n    # print error to STDERR\n    echo \"error: The sandbox is not in sync with the Podfile.lock. Run 'pod install' or update your CocoaPods installation.\" >&2\n    exit 1\nfi\n# This output is used by Xcode 'outputs' to avoid re-running this script phase.\necho \"SUCCESS\" > \"${SCRIPT_OUTPUT_FILE_0}\"\n";
			showEnvVarsInLog = 0;
		};
		6756B4B1F9ADA03904A26859 /* [CP] Check Pods Manifest.lock */ = {
			isa = PBXShellScriptBuildPhase;
			buildActionMask = 2147483647;
			files = (
			);
			inputFileListPaths = (
			);
			inputPaths = (
				"${PODS_PODFILE_DIR_PATH}/Podfile.lock",
				"${PODS_ROOT}/Manifest.lock",
			);
			name = "[CP] Check Pods Manifest.lock";
			outputFileListPaths = (
			);
			outputPaths = (
				"$(DERIVED_FILE_DIR)/Pods-Budget-BudgetUITests-checkManifestLockResult.txt",
			);
			runOnlyForDeploymentPostprocessing = 0;
			shellPath = /bin/sh;
			shellScript = "diff \"${PODS_PODFILE_DIR_PATH}/Podfile.lock\" \"${PODS_ROOT}/Manifest.lock\" > /dev/null\nif [ $? != 0 ] ; then\n    # print error to STDERR\n    echo \"error: The sandbox is not in sync with the Podfile.lock. Run 'pod install' or update your CocoaPods installation.\" >&2\n    exit 1\nfi\n# This output is used by Xcode 'outputs' to avoid re-running this script phase.\necho \"SUCCESS\" > \"${SCRIPT_OUTPUT_FILE_0}\"\n";
			showEnvVarsInLog = 0;
		};
		E29981734F43FA60DD4E2998 /* [CP] Embed Pods Frameworks */ = {
			isa = PBXShellScriptBuildPhase;
			buildActionMask = 2147483647;
			files = (
			);
			inputFileListPaths = (
				"${PODS_ROOT}/Target Support Files/Pods-Budget/Pods-Budget-frameworks-${CONFIGURATION}-input-files.xcfilelist",
			);
			name = "[CP] Embed Pods Frameworks";
			outputFileListPaths = (
				"${PODS_ROOT}/Target Support Files/Pods-Budget/Pods-Budget-frameworks-${CONFIGURATION}-output-files.xcfilelist",
			);
			runOnlyForDeploymentPostprocessing = 0;
			shellPath = /bin/sh;
			shellScript = "\"${PODS_ROOT}/Target Support Files/Pods-Budget/Pods-Budget-frameworks.sh\"\n";
			showEnvVarsInLog = 0;
		};
/* End PBXShellScriptBuildPhase section */

/* Begin PBXSourcesBuildPhase section */
		4083AF4B2A088E63005DDC82 /* Sources */ = {
			isa = PBXSourcesBuildPhase;
			buildActionMask = 2147483647;
			files = (
				4083AF552A088E64005DDC82 /* ContentView.swift in Sources */,
				4083AF532A088E64005DDC82 /* BudgetApp.swift in Sources */,
			);
			runOnlyForDeploymentPostprocessing = 0;
		};
		4083AF5B2A088E65005DDC82 /* Sources */ = {
			isa = PBXSourcesBuildPhase;
			buildActionMask = 2147483647;
			files = (
				4083AF642A088E65005DDC82 /* BudgetTests.swift in Sources */,
			);
			runOnlyForDeploymentPostprocessing = 0;
		};
		4083AF652A088E65005DDC82 /* Sources */ = {
			isa = PBXSourcesBuildPhase;
			buildActionMask = 2147483647;
			files = (
				4083AF6E2A088E65005DDC82 /* BudgetUITests.swift in Sources */,
				4083AF702A088E65005DDC82 /* BudgetUITestsLaunchTests.swift in Sources */,
			);
			runOnlyForDeploymentPostprocessing = 0;
		};
/* End PBXSourcesBuildPhase section */

/* Begin PBXTargetDependency section */
		4083AF612A088E65005DDC82 /* PBXTargetDependency */ = {
			isa = PBXTargetDependency;
			target = 4083AF4E2A088E63005DDC82 /* Budget */;
			targetProxy = 4083AF602A088E65005DDC82 /* PBXContainerItemProxy */;
		};
		4083AF6B2A088E65005DDC82 /* PBXTargetDependency */ = {
			isa = PBXTargetDependency;
			target = 4083AF4E2A088E63005DDC82 /* Budget */;
			targetProxy = 4083AF6A2A088E65005DDC82 /* PBXContainerItemProxy */;
		};
/* End PBXTargetDependency section */

/* Begin XCBuildConfiguration section */
		4083AF712A088E65005DDC82 /* Debug */ = {
			isa = XCBuildConfiguration;
			buildSettings = {
				ALWAYS_SEARCH_USER_PATHS = NO;
				CLANG_ANALYZER_NONNULL = YES;
				CLANG_ANALYZER_NUMBER_OBJECT_CONVERSION = YES_AGGRESSIVE;
				CLANG_CXX_LANGUAGE_STANDARD = "gnu++20";
				CLANG_ENABLE_MODULES = YES;
				CLANG_ENABLE_OBJC_ARC = YES;
				CLANG_ENABLE_OBJC_WEAK = YES;
				CLANG_WARN_BLOCK_CAPTURE_AUTORELEASING = YES;
				CLANG_WARN_BOOL_CONVERSION = YES;
				CLANG_WARN_COMMA = YES;
				CLANG_WARN_CONSTANT_CONVERSION = YES;
				CLANG_WARN_DEPRECATED_OBJC_IMPLEMENTATIONS = YES;
				CLANG_WARN_DIRECT_OBJC_ISA_USAGE = YES_ERROR;
				CLANG_WARN_DOCUMENTATION_COMMENTS = YES;
				CLANG_WARN_EMPTY_BODY = YES;
				CLANG_WARN_ENUM_CONVERSION = YES;
				CLANG_WARN_INFINITE_RECURSION = YES;
				CLANG_WARN_INT_CONVERSION = YES;
				CLANG_WARN_NON_LITERAL_NULL_CONVERSION = YES;
				CLANG_WARN_OBJC_IMPLICIT_RETAIN_SELF = YES;
				CLANG_WARN_OBJC_LITERAL_CONVERSION = YES;
				CLANG_WARN_OBJC_ROOT_CLASS = YES_ERROR;
				CLANG_WARN_QUOTED_INCLUDE_IN_FRAMEWORK_HEADER = YES;
				CLANG_WARN_RANGE_LOOP_ANALYSIS = YES;
				CLANG_WARN_STRICT_PROTOTYPES = YES;
				CLANG_WARN_SUSPICIOUS_MOVE = YES;
				CLANG_WARN_UNGUARDED_AVAILABILITY = YES_AGGRESSIVE;
				CLANG_WARN_UNREACHABLE_CODE = YES;
				CLANG_WARN__DUPLICATE_METHOD_MATCH = YES;
				COPY_PHASE_STRIP = NO;
				DEBUG_INFORMATION_FORMAT = dwarf;
				ENABLE_STRICT_OBJC_MSGSEND = YES;
				ENABLE_TESTABILITY = YES;
				GCC_C_LANGUAGE_STANDARD = gnu11;
				GCC_DYNAMIC_NO_PIC = NO;
				GCC_NO_COMMON_BLOCKS = YES;
				GCC_OPTIMIZATION_LEVEL = 0;
				GCC_PREPROCESSOR_DEFINITIONS = (
					"DEBUG=1",
					"$(inherited)",
				);
				GCC_WARN_64_TO_32_BIT_CONVERSION = YES;
				GCC_WARN_ABOUT_RETURN_TYPE = YES_ERROR;
				GCC_WARN_UNDECLARED_SELECTOR = YES;
				GCC_WARN_UNINITIALIZED_AUTOS = YES_AGGRESSIVE;
				GCC_WARN_UNUSED_FUNCTION = YES;
				GCC_WARN_UNUSED_VARIABLE = YES;
				IPHONEOS_DEPLOYMENT_TARGET = 16.4;
				MTL_ENABLE_DEBUG_INFO = INCLUDE_SOURCE;
				MTL_FAST_MATH = YES;
				ONLY_ACTIVE_ARCH = YES;
				SDKROOT = iphoneos;
				SWIFT_ACTIVE_COMPILATION_CONDITIONS = DEBUG;
				SWIFT_OPTIMIZATION_LEVEL = "-Onone";
			};
			name = Debug;
		};
		4083AF722A088E65005DDC82 /* Release */ = {
			isa = XCBuildConfiguration;
			buildSettings = {
				ALWAYS_SEARCH_USER_PATHS = NO;
				CLANG_ANALYZER_NONNULL = YES;
				CLANG_ANALYZER_NUMBER_OBJECT_CONVERSION = YES_AGGRESSIVE;
				CLANG_CXX_LANGUAGE_STANDARD = "gnu++20";
				CLANG_ENABLE_MODULES = YES;
				CLANG_ENABLE_OBJC_ARC = YES;
				CLANG_ENABLE_OBJC_WEAK = YES;
				CLANG_WARN_BLOCK_CAPTURE_AUTORELEASING = YES;
				CLANG_WARN_BOOL_CONVERSION = YES;
				CLANG_WARN_COMMA = YES;
				CLANG_WARN_CONSTANT_CONVERSION = YES;
				CLANG_WARN_DEPRECATED_OBJC_IMPLEMENTATIONS = YES;
				CLANG_WARN_DIRECT_OBJC_ISA_USAGE = YES_ERROR;
				CLANG_WARN_DOCUMENTATION_COMMENTS = YES;
				CLANG_WARN_EMPTY_BODY = YES;
				CLANG_WARN_ENUM_CONVERSION = YES;
				CLANG_WARN_INFINITE_RECURSION = YES;
				CLANG_WARN_INT_CONVERSION = YES;
				CLANG_WARN_NON_LITERAL_NULL_CONVERSION = YES;
				CLANG_WARN_OBJC_IMPLICIT_RETAIN_SELF = YES;
				CLANG_WARN_OBJC_LITERAL_CONVERSION = YES;
				CLANG_WARN_OBJC_ROOT_CLASS = YES_ERROR;
				CLANG_WARN_QUOTED_INCLUDE_IN_FRAMEWORK_HEADER = YES;
				CLANG_WARN_RANGE_LOOP_ANALYSIS = YES;
				CLANG_WARN_STRICT_PROTOTYPES = YES;
				CLANG_WARN_SUSPICIOUS_MOVE = YES;
				CLANG_WARN_UNGUARDED_AVAILABILITY = YES_AGGRESSIVE;
				CLANG_WARN_UNREACHABLE_CODE = YES;
				CLANG_WARN__DUPLICATE_METHOD_MATCH = YES;
				COPY_PHASE_STRIP = NO;
				DEBUG_INFORMATION_FORMAT = "dwarf-with-dsym";
				ENABLE_NS_ASSERTIONS = NO;
				ENABLE_STRICT_OBJC_MSGSEND = YES;
				GCC_C_LANGUAGE_STANDARD = gnu11;
				GCC_NO_COMMON_BLOCKS = YES;
				GCC_WARN_64_TO_32_BIT_CONVERSION = YES;
				GCC_WARN_ABOUT_RETURN_TYPE = YES_ERROR;
				GCC_WARN_UNDECLARED_SELECTOR = YES;
				GCC_WARN_UNINITIALIZED_AUTOS = YES_AGGRESSIVE;
				GCC_WARN_UNUSED_FUNCTION = YES;
				GCC_WARN_UNUSED_VARIABLE = YES;
				IPHONEOS_DEPLOYMENT_TARGET = 16.4;
				MTL_ENABLE_DEBUG_INFO = NO;
				MTL_FAST_MATH = YES;
				SDKROOT = iphoneos;
				SWIFT_COMPILATION_MODE = wholemodule;
				SWIFT_OPTIMIZATION_LEVEL = "-O";
				VALIDATE_PRODUCT = YES;
			};
			name = Release;
		};
		4083AF742A088E65005DDC82 /* Debug */ = {
			isa = XCBuildConfiguration;
			baseConfigurationReference = DF25CF4068AE8F84289278FC /* Pods-Budget.debug.xcconfig */;
			buildSettings = {
				ALWAYS_EMBED_SWIFT_STANDARD_LIBRARIES = "$(inherited)";
				ASSETCATALOG_COMPILER_APPICON_NAME = AppIcon;
				ASSETCATALOG_COMPILER_GLOBAL_ACCENT_COLOR_NAME = AccentColor;
				CODE_SIGN_STYLE = Automatic;
				CURRENT_PROJECT_VERSION = 1;
				DEVELOPMENT_ASSET_PATHS = "\"Budget/Preview Content\"";
				DEVELOPMENT_TEAM = EUHB9Q5A45;
				ENABLE_PREVIEWS = YES;
				GENERATE_INFOPLIST_FILE = YES;
				INFOPLIST_KEY_UIApplicationSceneManifest_Generation = YES;
				INFOPLIST_KEY_UIApplicationSupportsIndirectInputEvents = YES;
				INFOPLIST_KEY_UILaunchScreen_Generation = YES;
				INFOPLIST_KEY_UISupportedInterfaceOrientations_iPad = "UIInterfaceOrientationPortrait UIInterfaceOrientationPortraitUpsideDown UIInterfaceOrientationLandscapeLeft UIInterfaceOrientationLandscapeRight";
				INFOPLIST_KEY_UISupportedInterfaceOrientations_iPhone = "UIInterfaceOrientationPortrait UIInterfaceOrientationLandscapeLeft UIInterfaceOrientationLandscapeRight";
				LD_RUNPATH_SEARCH_PATHS = (
					"$(inherited)",
					"@executable_path/Frameworks",
				);
				MARKETING_VERSION = 1.0;
				PRODUCT_BUNDLE_IDENTIFIER = net.takegive.Budget;
				PRODUCT_NAME = "$(TARGET_NAME)";
				SWIFT_EMIT_LOC_STRINGS = YES;
				SWIFT_VERSION = 5.0;
				TARGETED_DEVICE_FAMILY = "1,2";
			};
			name = Debug;
		};
		4083AF752A088E65005DDC82 /* Release */ = {
			isa = XCBuildConfiguration;
			baseConfigurationReference = 435BE09A1B7302044AF12DF5 /* Pods-Budget.release.xcconfig */;
			buildSettings = {
				ASSETCATALOG_COMPILER_APPICON_NAME = AppIcon;
				ASSETCATALOG_COMPILER_GLOBAL_ACCENT_COLOR_NAME = AccentColor;
				CODE_SIGN_STYLE = Automatic;
				CURRENT_PROJECT_VERSION = 1;
				DEVELOPMENT_ASSET_PATHS = "\"Budget/Preview Content\"";
				DEVELOPMENT_TEAM = EUHB9Q5A45;
				ENABLE_PREVIEWS = YES;
				GENERATE_INFOPLIST_FILE = YES;
				INFOPLIST_KEY_UIApplicationSceneManifest_Generation = YES;
				INFOPLIST_KEY_UIApplicationSupportsIndirectInputEvents = YES;
				INFOPLIST_KEY_UILaunchScreen_Generation = YES;
				INFOPLIST_KEY_UISupportedInterfaceOrientations_iPad = "UIInterfaceOrientationPortrait UIInterfaceOrientationPortraitUpsideDown UIInterfaceOrientationLandscapeLeft UIInterfaceOrientationLandscapeRight";
				INFOPLIST_KEY_UISupportedInterfaceOrientations_iPhone = "UIInterfaceOrientationPortrait UIInterfaceOrientationLandscapeLeft UIInterfaceOrientationLandscapeRight";
				LD_RUNPATH_SEARCH_PATHS = (
					"$(inherited)",
					"@executable_path/Frameworks",
				);
				MARKETING_VERSION = 1.0;
				PRODUCT_BUNDLE_IDENTIFIER = net.takegive.Budget;
				PRODUCT_NAME = "$(TARGET_NAME)";
				SWIFT_EMIT_LOC_STRINGS = YES;
				SWIFT_VERSION = 5.0;
				TARGETED_DEVICE_FAMILY = "1,2";
			};
			name = Release;
		};
		4083AF772A088E65005DDC82 /* Debug */ = {
			isa = XCBuildConfiguration;
			baseConfigurationReference = 8553A54876400D20A720555C /* Pods-BudgetTests.debug.xcconfig */;
			buildSettings = {
				ALWAYS_EMBED_SWIFT_STANDARD_LIBRARIES = YES;
				BUNDLE_LOADER = "$(TEST_HOST)";
				CODE_SIGN_STYLE = Automatic;
				CURRENT_PROJECT_VERSION = 1;
				DEVELOPMENT_TEAM = EUHB9Q5A45;
				GENERATE_INFOPLIST_FILE = YES;
				IPHONEOS_DEPLOYMENT_TARGET = 16.4;
				MARKETING_VERSION = 1.0;
				PRODUCT_BUNDLE_IDENTIFIER = net.takegive.BudgetTests;
				PRODUCT_NAME = "$(TARGET_NAME)";
				SWIFT_EMIT_LOC_STRINGS = NO;
				SWIFT_VERSION = 5.0;
				TARGETED_DEVICE_FAMILY = "1,2";
				TEST_HOST = "$(BUILT_PRODUCTS_DIR)/Budget.app/$(BUNDLE_EXECUTABLE_FOLDER_PATH)/Budget";
			};
			name = Debug;
		};
		4083AF782A088E65005DDC82 /* Release */ = {
			isa = XCBuildConfiguration;
			baseConfigurationReference = 7BA1B038E6E6EE67F140F423 /* Pods-BudgetTests.release.xcconfig */;
			buildSettings = {
				ALWAYS_EMBED_SWIFT_STANDARD_LIBRARIES = YES;
				BUNDLE_LOADER = "$(TEST_HOST)";
				CODE_SIGN_STYLE = Automatic;
				CURRENT_PROJECT_VERSION = 1;
				DEVELOPMENT_TEAM = EUHB9Q5A45;
				GENERATE_INFOPLIST_FILE = YES;
				IPHONEOS_DEPLOYMENT_TARGET = 16.4;
				MARKETING_VERSION = 1.0;
				PRODUCT_BUNDLE_IDENTIFIER = net.takegive.BudgetTests;
				PRODUCT_NAME = "$(TARGET_NAME)";
				SWIFT_EMIT_LOC_STRINGS = NO;
				SWIFT_VERSION = 5.0;
				TARGETED_DEVICE_FAMILY = "1,2";
				TEST_HOST = "$(BUILT_PRODUCTS_DIR)/Budget.app/$(BUNDLE_EXECUTABLE_FOLDER_PATH)/Budget";
			};
			name = Release;
		};
		4083AF7A2A088E65005DDC82 /* Debug */ = {
			isa = XCBuildConfiguration;
			baseConfigurationReference = AA919819C5FB5405C7A09FC1 /* Pods-Budget-BudgetUITests.debug.xcconfig */;
			buildSettings = {
				ALWAYS_EMBED_SWIFT_STANDARD_LIBRARIES = "$(inherited)";
				CODE_SIGN_STYLE = Automatic;
				CURRENT_PROJECT_VERSION = 1;
				DEVELOPMENT_TEAM = EUHB9Q5A45;
				GENERATE_INFOPLIST_FILE = YES;
				MARKETING_VERSION = 1.0;
				PRODUCT_BUNDLE_IDENTIFIER = net.takegive.BudgetUITests;
				PRODUCT_NAME = "$(TARGET_NAME)";
				SWIFT_EMIT_LOC_STRINGS = NO;
				SWIFT_VERSION = 5.0;
				TARGETED_DEVICE_FAMILY = "1,2";
				TEST_TARGET_NAME = Budget;
			};
			name = Debug;
		};
		4083AF7B2A088E65005DDC82 /* Release */ = {
			isa = XCBuildConfiguration;
			baseConfigurationReference = 9E72A46DFAB8A12CF88CB6A0 /* Pods-Budget-BudgetUITests.release.xcconfig */;
			buildSettings = {
				ALWAYS_EMBED_SWIFT_STANDARD_LIBRARIES = "$(inherited)";
				CODE_SIGN_STYLE = Automatic;
				CURRENT_PROJECT_VERSION = 1;
				DEVELOPMENT_TEAM = EUHB9Q5A45;
				GENERATE_INFOPLIST_FILE = YES;
				MARKETING_VERSION = 1.0;
				PRODUCT_BUNDLE_IDENTIFIER = net.takegive.BudgetUITests;
				PRODUCT_NAME = "$(TARGET_NAME)";
				SWIFT_EMIT_LOC_STRINGS = NO;
				SWIFT_VERSION = 5.0;
				TARGETED_DEVICE_FAMILY = "1,2";
				TEST_TARGET_NAME = Budget;
			};
			name = Release;
		};
/* End XCBuildConfiguration section */

/* Begin XCConfigurationList section */
		4083AF4A2A088E63005DDC82 /* Build configuration list for PBXProject "Budget" */ = {
			isa = XCConfigurationList;
			buildConfigurations = (
				4083AF712A088E65005DDC82 /* Debug */,
				4083AF722A088E65005DDC82 /* Release */,
			);
			defaultConfigurationIsVisible = 0;
			defaultConfigurationName = Release;
		};
		4083AF732A088E65005DDC82 /* Build configuration list for PBXNativeTarget "Budget" */ = {
			isa = XCConfigurationList;
			buildConfigurations = (
				4083AF742A088E65005DDC82 /* Debug */,
				4083AF752A088E65005DDC82 /* Release */,
			);
			defaultConfigurationIsVisible = 0;
			defaultConfigurationName = Release;
		};
		4083AF762A088E65005DDC82 /* Build configuration list for PBXNativeTarget "BudgetTests" */ = {
			isa = XCConfigurationList;
			buildConfigurations = (
				4083AF772A088E65005DDC82 /* Debug */,
				4083AF782A088E65005DDC82 /* Release */,
			);
			defaultConfigurationIsVisible = 0;
			defaultConfigurationName = Release;
		};
		4083AF792A088E65005DDC82 /* Build configuration list for PBXNativeTarget "BudgetUITests" */ = {
			isa = XCConfigurationList;
			buildConfigurations = (
				4083AF7A2A088E65005DDC82 /* Debug */,
				4083AF7B2A088E65005DDC82 /* Release */,
			);
			defaultConfigurationIsVisible = 0;
			defaultConfigurationName = Release;
		};
/* End XCConfigurationList section */
	};
	rootObject = 4083AF472A088E63005DDC82 /* Project object */;
}
